// !$*UTF8*$!
{
	archiveVersion = 1;
	classes = {
	};
	objectVersion = 56;
	objects = {

/* Begin PBXBuildFile section */
		6B09C9CB2978BDF20035384B /* AppDelegate.swift in Sources */ = {isa = PBXBuildFile; fileRef = 6B09C9CA2978BDF20035384B /* AppDelegate.swift */; };
		6B09C9CD2978BDF20035384B /* GameScene.sks in Resources */ = {isa = PBXBuildFile; fileRef = 6B09C9CC2978BDF20035384B /* GameScene.sks */; };
		6B09C9D12978BDF20035384B /* GameScene.swift in Sources */ = {isa = PBXBuildFile; fileRef = 6B09C9D02978BDF20035384B /* GameScene.swift */; };
		6B09C9D32978BDF20035384B /* GameViewController.swift in Sources */ = {isa = PBXBuildFile; fileRef = 6B09C9D22978BDF20035384B /* GameViewController.swift */; };
		6B09C9D62978BDF20035384B /* Main.storyboard in Resources */ = {isa = PBXBuildFile; fileRef = 6B09C9D42978BDF20035384B /* Main.storyboard */; };
		6B09C9D82978BDF30035384B /* Assets.xcassets in Resources */ = {isa = PBXBuildFile; fileRef = 6B09C9D72978BDF30035384B /* Assets.xcassets */; };
		6B09C9DB2978BDF30035384B /* LaunchScreen.storyboard in Resources */ = {isa = PBXBuildFile; fileRef = 6B09C9D92978BDF30035384B /* LaunchScreen.storyboard */; };
		6B09C9E22978C10C0035384B /* Assets in Resources */ = {isa = PBXBuildFile; fileRef = 6B09C9E12978C10C0035384B /* Assets */; };
		6B09C9E52978C5F40035384B /* GameObject.swift in Sources */ = {isa = PBXBuildFile; fileRef = 6B09C9E42978C5F40035384B /* GameObject.swift */; };
		6B09C9E72978CD940035384B /* GameProtocol.swift in Sources */ = {isa = PBXBuildFile; fileRef = 6B09C9E62978CD940035384B /* GameProtocol.swift */; };
		6B09C9EA2978D0790035384B /* Ocean.swift in Sources */ = {isa = PBXBuildFile; fileRef = 6B09C9E92978D0790035384B /* Ocean.swift */; };
		6B6D09BE297CF4A500C97345 /* Player.swift in Sources */ = {isa = PBXBuildFile; fileRef = 6B6D09BD297CF4A500C97345 /* Player.swift */; };
		6BBB18F529871A9600DBDD08 /* Island.swift in Sources */ = {isa = PBXBuildFile; fileRef = 6BBB18F429871A9600DBDD08 /* Island.swift */; };
		6BBB18F729871BE900DBDD08 /* Layer.swift in Sources */ = {isa = PBXBuildFile; fileRef = 6BBB18F629871BE900DBDD08 /* Layer.swift */; };
		6BBB18F92987216F00DBDD08 /* Cloud.swift in Sources */ = {isa = PBXBuildFile; fileRef = 6BBB18F82987216F00DBDD08 /* Cloud.swift */; };
/* End PBXBuildFile section */

/* Begin PBXFileReference section */
		6B09C9C72978BDF20035384B /* MAPD724-W2023-ICE2.app */ = {isa = PBXFileReference; explicitFileType = wrapper.application; includeInIndex = 0; path = "MAPD724-W2023-ICE2.app"; sourceTree = BUILT_PRODUCTS_DIR; };
		6B09C9CA2978BDF20035384B /* AppDelegate.swift */ = {isa = PBXFileReference; lastKnownFileType = sourcecode.swift; path = AppDelegate.swift; sourceTree = "<group>"; };
		6B09C9CC2978BDF20035384B /* GameScene.sks */ = {isa = PBXFileReference; lastKnownFileType = file.sks; path = GameScene.sks; sourceTree = "<group>"; };
		6B09C9D02978BDF20035384B /* GameScene.swift */ = {isa = PBXFileReference; lastKnownFileType = sourcecode.swift; path = GameScene.swift; sourceTree = "<group>"; };
		6B09C9D22978BDF20035384B /* GameViewController.swift */ = {isa = PBXFileReference; lastKnownFileType = sourcecode.swift; path = GameViewController.swift; sourceTree = "<group>"; };
		6B09C9D52978BDF20035384B /* Base */ = {isa = PBXFileReference; lastKnownFileType = file.storyboard; name = Base; path = Base.lproj/Main.storyboard; sourceTree = "<group>"; };
		6B09C9D72978BDF30035384B /* Assets.xcassets */ = {isa = PBXFileReference; lastKnownFileType = folder.assetcatalog; path = Assets.xcassets; sourceTree = "<group>"; };
		6B09C9DA2978BDF30035384B /* Base */ = {isa = PBXFileReference; lastKnownFileType = file.storyboard; name = Base; path = Base.lproj/LaunchScreen.storyboard; sourceTree = "<group>"; };
		6B09C9E12978C10C0035384B /* Assets */ = {isa = PBXFileReference; lastKnownFileType = folder; name = Assets; path = ../../../Downloads/Assets; sourceTree = "<group>"; };
		6B09C9E42978C5F40035384B /* GameObject.swift */ = {isa = PBXFileReference; lastKnownFileType = sourcecode.swift; path = GameObject.swift; sourceTree = "<group>"; };
		6B09C9E62978CD940035384B /* GameProtocol.swift */ = {isa = PBXFileReference; lastKnownFileType = sourcecode.swift; path = GameProtocol.swift; sourceTree = "<group>"; };
		6B09C9E92978D0790035384B /* Ocean.swift */ = {isa = PBXFileReference; lastKnownFileType = sourcecode.swift; path = Ocean.swift; sourceTree = "<group>"; };
		6B6D09BD297CF4A500C97345 /* Player.swift */ = {isa = PBXFileReference; lastKnownFileType = sourcecode.swift; path = Player.swift; sourceTree = "<group>"; };
		6BBB18F429871A9600DBDD08 /* Island.swift */ = {isa = PBXFileReference; lastKnownFileType = sourcecode.swift; path = Island.swift; sourceTree = "<group>"; };
		6BBB18F629871BE900DBDD08 /* Layer.swift */ = {isa = PBXFileReference; lastKnownFileType = sourcecode.swift; path = Layer.swift; sourceTree = "<group>"; };
		6BBB18F82987216F00DBDD08 /* Cloud.swift */ = {isa = PBXFileReference; lastKnownFileType = sourcecode.swift; path = Cloud.swift; sourceTree = "<group>"; };
/* End PBXFileReference section */

/* Begin PBXFrameworksBuildPhase section */
		6B09C9C42978BDF20035384B /* Frameworks */ = {
			isa = PBXFrameworksBuildPhase;
			buildActionMask = 2147483647;
			files = (
			);
			runOnlyForDeploymentPostprocessing = 0;
		};
/* End PBXFrameworksBuildPhase section */

/* Begin PBXGroup section */
		6B09C9BE2978BDF20035384B = {
			isa = PBXGroup;
			children = (
				6B09C9C92978BDF20035384B /* MAPD724-W2023-ICE2 */,
				6B09C9C82978BDF20035384B /* Products */,
			);
			sourceTree = "<group>";
		};
		6B09C9C82978BDF20035384B /* Products */ = {
			isa = PBXGroup;
			children = (
				6B09C9C72978BDF20035384B /* MAPD724-W2023-ICE2.app */,
			);
			name = Products;
			sourceTree = "<group>";
		};
		6B09C9C92978BDF20035384B /* MAPD724-W2023-ICE2 */ = {
			isa = PBXGroup;
			children = (
				6B09C9E82978D05E0035384B /* GameObjects */,
				6B09C9E32978C5D40035384B /* Core */,
				6B09C9E12978C10C0035384B /* Assets */,
				6B09C9CA2978BDF20035384B /* AppDelegate.swift */,
				6B09C9CC2978BDF20035384B /* GameScene.sks */,
				6B09C9D02978BDF20035384B /* GameScene.swift */,
				6B09C9D22978BDF20035384B /* GameViewController.swift */,
				6B09C9D42978BDF20035384B /* Main.storyboard */,
				6B09C9D72978BDF30035384B /* Assets.xcassets */,
				6B09C9D92978BDF30035384B /* LaunchScreen.storyboard */,
			);
			path = "MAPD724-W2023-ICE2";
			sourceTree = "<group>";
		};
		6B09C9E32978C5D40035384B /* Core */ = {
			isa = PBXGroup;
			children = (
				6B09C9E42978C5F40035384B /* GameObject.swift */,
				6B09C9E62978CD940035384B /* GameProtocol.swift */,
				6BBB18F629871BE900DBDD08 /* Layer.swift */,
			);
			path = Core;
			sourceTree = "<group>";
		};
		6B09C9E82978D05E0035384B /* GameObjects */ = {
			isa = PBXGroup;
			children = (
				6B09C9E92978D0790035384B /* Ocean.swift */,
				6B6D09BD297CF4A500C97345 /* Player.swift */,
				6BBB18F429871A9600DBDD08 /* Island.swift */,
				6BBB18F82987216F00DBDD08 /* Cloud.swift */,
			);
			path = GameObjects;
			sourceTree = "<group>";
		};
/* End PBXGroup section */

/* Begin PBXNativeTarget section */
		6B09C9C62978BDF20035384B /* MAPD724-W2023-ICE2 */ = {
			isa = PBXNativeTarget;
			buildConfigurationList = 6B09C9DE2978BDF30035384B /* Build configuration list for PBXNativeTarget "MAPD724-W2023-ICE2" */;
			buildPhases = (
				6B09C9C32978BDF20035384B /* Sources */,
				6B09C9C42978BDF20035384B /* Frameworks */,
				6B09C9C52978BDF20035384B /* Resources */,
			);
			buildRules = (
			);
			dependencies = (
			);
			name = "MAPD724-W2023-ICE2";
			productName = "MAPD724-W2023-ICE1";
			productReference = 6B09C9C72978BDF20035384B /* MAPD724-W2023-ICE2.app */;
			productType = "com.apple.product-type.application";
		};
/* End PBXNativeTarget section */

/* Begin PBXProject section */
		6B09C9BF2978BDF20035384B /* Project object */ = {
			isa = PBXProject;
			attributes = {
				BuildIndependentTargetsInParallel = 1;
				LastSwiftUpdateCheck = 1400;
				LastUpgradeCheck = 1400;
				TargetAttributes = {
					6B09C9C62978BDF20035384B = {
						CreatedOnToolsVersion = 14.0;
					};
				};
			};
			buildConfigurationList = 6B09C9C22978BDF20035384B /* Build configuration list for PBXProject "MAPD724-W2023-ICE2" */;
			compatibilityVersion = "Xcode 14.0";
			developmentRegion = en;
			hasScannedForEncodings = 0;
			knownRegions = (
				en,
				Base,
			);
			mainGroup = 6B09C9BE2978BDF20035384B;
			productRefGroup = 6B09C9C82978BDF20035384B /* Products */;
			projectDirPath = "";
			projectRoot = "";
			targets = (
				6B09C9C62978BDF20035384B /* MAPD724-W2023-ICE2 */,
			);
		};
/* End PBXProject section */

/* Begin PBXResourcesBuildPhase section */
		6B09C9C52978BDF20035384B /* Resources */ = {
			isa = PBXResourcesBuildPhase;
			buildActionMask = 2147483647;
			files = (
				6B09C9E22978C10C0035384B /* Assets in Resources */,
				6B09C9D62978BDF20035384B /* Main.storyboard in Resources */,
				6B09C9CD2978BDF20035384B /* GameScene.sks in Resources */,
				6B09C9D82978BDF30035384B /* Assets.xcassets in Resources */,
				6B09C9DB2978BDF30035384B /* LaunchScreen.storyboard in Resources */,
			);
			runOnlyForDeploymentPostprocessing = 0;
		};
/* End PBXResourcesBuildPhase section */

/* Begin PBXSourcesBuildPhase section */
		6B09C9C32978BDF20035384B /* Sources */ = {
			isa = PBXSourcesBuildPhase;
			buildActionMask = 2147483647;
			files = (
				6B09C9E52978C5F40035384B /* GameObject.swift in Sources */,
				6B09C9E72978CD940035384B /* GameProtocol.swift in Sources */,
				6BBB18F529871A9600DBDD08 /* Island.swift in Sources */,
				6B09C9D12978BDF20035384B /* GameScene.swift in Sources */,
				6B09C9D32978BDF20035384B /* GameViewController.swift in Sources */,
				6BBB18F92987216F00DBDD08 /* Cloud.swift in Sources */,
				6B6D09BE297CF4A500C97345 /* Player.swift in Sources */,
				6BBB18F729871BE900DBDD08 /* Layer.swift in Sources */,
				6B09C9EA2978D0790035384B /* Ocean.swift in Sources */,
				6B09C9CB2978BDF20035384B /* AppDelegate.swift in Sources */,
			);
			runOnlyForDeploymentPostprocessing = 0;
		};
/* End PBXSourcesBuildPhase section */

/* Begin PBXVariantGroup section */
		6B09C9D42978BDF20035384B /* Main.storyboard */ = {
			isa = PBXVariantGroup;
			children = (
				6B09C9D52978BDF20035384B /* Base */,
			);
			name = Main.storyboard;
			sourceTree = "<group>";
		};
		6B09C9D92978BDF30035384B /* LaunchScreen.storyboard */ = {
			isa = PBXVariantGroup;
			children = (
				6B09C9DA2978BDF30035384B /* Base */,
			);
			name = LaunchScreen.storyboard;
			sourceTree = "<group>";
		};
/* End PBXVariantGroup section */

/* Begin XCBuildConfiguration section */
		6B09C9DC2978BDF30035384B /* Debug */ = {
			isa = XCBuildConfiguration;
			buildSettings = {
				ALWAYS_SEARCH_USER_PATHS = NO;
				CLANG_ANALYZER_NONNULL = YES;
				CLANG_ANALYZER_NUMBER_OBJECT_CONVERSION = YES_AGGRESSIVE;
				CLANG_CXX_LANGUAGE_STANDARD = "gnu++20";
				CLANG_ENABLE_MODULES = YES;
				CLANG_ENABLE_OBJC_ARC = YES;
				CLANG_ENABLE_OBJC_WEAK = YES;
				CLANG_WARN_BLOCK_CAPTURE_AUTORELEASING = YES;
				CLANG_WARN_BOOL_CONVERSION = YES;
				CLANG_WARN_COMMA = YES;
				CLANG_WARN_CONSTANT_CONVERSION = YES;
				CLANG_WARN_DEPRECATED_OBJC_IMPLEMENTATIONS = YES;
				CLANG_WARN_DIRECT_OBJC_ISA_USAGE = YES_ERROR;
				CLANG_WARN_DOCUMENTATION_COMMENTS = YES;
				CLANG_WARN_EMPTY_BODY = YES;
				CLANG_WARN_ENUM_CONVERSION = YES;
				CLANG_WARN_INFINITE_RECURSION = YES;
				CLANG_WARN_INT_CONVERSION = YES;
				CLANG_WARN_NON_LITERAL_NULL_CONVERSION = YES;
				CLANG_WARN_OBJC_IMPLICIT_RETAIN_SELF = YES;
				CLANG_WARN_OBJC_LITERAL_CONVERSION = YES;
				CLANG_WARN_OBJC_ROOT_CLASS = YES_ERROR;
				CLANG_WARN_QUOTED_INCLUDE_IN_FRAMEWORK_HEADER = YES;
				CLANG_WARN_RANGE_LOOP_ANALYSIS = YES;
				CLANG_WARN_STRICT_PROTOTYPES = YES;
				CLANG_WARN_SUSPICIOUS_MOVE = YES;
				CLANG_WARN_UNGUARDED_AVAILABILITY = YES_AGGRESSIVE;
				CLANG_WARN_UNREACHABLE_CODE = YES;
				CLANG_WARN__DUPLICATE_METHOD_MATCH = YES;
				COPY_PHASE_STRIP = NO;
				DEBUG_INFORMATION_FORMAT = dwarf;
				ENABLE_STRICT_OBJC_MSGSEND = YES;
				ENABLE_TESTABILITY = YES;
				GCC_C_LANGUAGE_STANDARD = gnu11;
				GCC_DYNAMIC_NO_PIC = NO;
				GCC_NO_COMMON_BLOCKS = YES;
				GCC_OPTIMIZATION_LEVEL = 0;
				GCC_PREPROCESSOR_DEFINITIONS = (
					"DEBUG=1",
					"$(inherited)",
				);
				GCC_WARN_64_TO_32_BIT_CONVERSION = YES;
				GCC_WARN_ABOUT_RETURN_TYPE = YES_ERROR;
				GCC_WARN_UNDECLARED_SELECTOR = YES;
				GCC_WARN_UNINITIALIZED_AUTOS = YES_AGGRESSIVE;
				GCC_WARN_UNUSED_FUNCTION = YES;
				GCC_WARN_UNUSED_VARIABLE = YES;
				IPHONEOS_DEPLOYMENT_TARGET = 16.0;
				MTL_ENABLE_DEBUG_INFO = INCLUDE_SOURCE;
				MTL_FAST_MATH = YES;
				ONLY_ACTIVE_ARCH = YES;
				SDKROOT = iphoneos;
				SWIFT_ACTIVE_COMPILATION_CONDITIONS = DEBUG;
				SWIFT_OPTIMIZATION_LEVEL = "-Onone";
			};
			name = Debug;
		};
		6B09C9DD2978BDF30035384B /* Release */ = {
			isa = XCBuildConfiguration;
			buildSettings = {
				ALWAYS_SEARCH_USER_PATHS = NO;
				CLANG_ANALYZER_NONNULL = YES;
				CLANG_ANALYZER_NUMBER_OBJECT_CONVERSION = YES_AGGRESSIVE;
				CLANG_CXX_LANGUAGE_STANDARD = "gnu++20";
				CLANG_ENABLE_MODULES = YES;
				CLANG_ENABLE_OBJC_ARC = YES;
				CLANG_ENABLE_OBJC_WEAK = YES;
				CLANG_WARN_BLOCK_CAPTURE_AUTORELEASING = YES;
				CLANG_WARN_BOOL_CONVERSION = YES;
				CLANG_WARN_COMMA = YES;
				CLANG_WARN_CONSTANT_CONVERSION = YES;
				CLANG_WARN_DEPRECATED_OBJC_IMPLEMENTATIONS = YES;
				CLANG_WARN_DIRECT_OBJC_ISA_USAGE = YES_ERROR;
				CLANG_WARN_DOCUMENTATION_COMMENTS = YES;
				CLANG_WARN_EMPTY_BODY = YES;
				CLANG_WARN_ENUM_CONVERSION = YES;
				CLANG_WARN_INFINITE_RECURSION = YES;
				CLANG_WARN_INT_CONVERSION = YES;
				CLANG_WARN_NON_LITERAL_NULL_CONVERSION = YES;
				CLANG_WARN_OBJC_IMPLICIT_RETAIN_SELF = YES;
				CLANG_WARN_OBJC_LITERAL_CONVERSION = YES;
				CLANG_WARN_OBJC_ROOT_CLASS = YES_ERROR;
				CLANG_WARN_QUOTED_INCLUDE_IN_FRAMEWORK_HEADER = YES;
				CLANG_WARN_RANGE_LOOP_ANALYSIS = YES;
				CLANG_WARN_STRICT_PROTOTYPES = YES;
				CLANG_WARN_SUSPICIOUS_MOVE = YES;
				CLANG_WARN_UNGUARDED_AVAILABILITY = YES_AGGRESSIVE;
				CLANG_WARN_UNREACHABLE_CODE = YES;
				CLANG_WARN__DUPLICATE_METHOD_MATCH = YES;
				COPY_PHASE_STRIP = NO;
				DEBUG_INFORMATION_FORMAT = "dwarf-with-dsym";
				ENABLE_NS_ASSERTIONS = NO;
				ENABLE_STRICT_OBJC_MSGSEND = YES;
				GCC_C_LANGUAGE_STANDARD = gnu11;
				GCC_NO_COMMON_BLOCKS = YES;
				GCC_WARN_64_TO_32_BIT_CONVERSION = YES;
				GCC_WARN_ABOUT_RETURN_TYPE = YES_ERROR;
				GCC_WARN_UNDECLARED_SELECTOR = YES;
				GCC_WARN_UNINITIALIZED_AUTOS = YES_AGGRESSIVE;
				GCC_WARN_UNUSED_FUNCTION = YES;
				GCC_WARN_UNUSED_VARIABLE = YES;
				IPHONEOS_DEPLOYMENT_TARGET = 16.0;
				MTL_ENABLE_DEBUG_INFO = NO;
				MTL_FAST_MATH = YES;
				SDKROOT = iphoneos;
				SWIFT_COMPILATION_MODE = wholemodule;
				SWIFT_OPTIMIZATION_LEVEL = "-O";
				VALIDATE_PRODUCT = YES;
			};
			name = Release;
		};
		6B09C9DF2978BDF30035384B /* Debug */ = {
			isa = XCBuildConfiguration;
			buildSettings = {
				ASSETCATALOG_COMPILER_APPICON_NAME = AppIcon;
				ASSETCATALOG_COMPILER_GLOBAL_ACCENT_COLOR_NAME = AccentColor;
				CODE_SIGN_STYLE = Automatic;
				CURRENT_PROJECT_VERSION = 1;
				DEVELOPMENT_TEAM = 7RX2WS3BM6;
				GENERATE_INFOPLIST_FILE = YES;
				INFOPLIST_KEY_UIApplicationSupportsIndirectInputEvents = YES;
				INFOPLIST_KEY_UILaunchStoryboardName = LaunchScreen;
				INFOPLIST_KEY_UIMainStoryboardFile = Main;
				INFOPLIST_KEY_UIStatusBarHidden = YES;
				INFOPLIST_KEY_UISupportedInterfaceOrientations_iPad = "UIInterfaceOrientationPortrait UIInterfaceOrientationPortraitUpsideDown UIInterfaceOrientationLandscapeLeft UIInterfaceOrientationLandscapeRight";
				INFOPLIST_KEY_UISupportedInterfaceOrientations_iPhone = "UIInterfaceOrientationPortrait UIInterfaceOrientationLandscapeLeft UIInterfaceOrientationLandscapeRight";
				LD_RUNPATH_SEARCH_PATHS = (
					"$(inherited)",
					"@executable_path/Frameworks",
				);
				MARKETING_VERSION = 1.0;
				PRODUCT_BUNDLE_IDENTIFIER = "ca.centennialcollege.MAPD724-W2023-ICE1";
				PRODUCT_NAME = "$(TARGET_NAME)";
				SWIFT_EMIT_LOC_STRINGS = YES;
				SWIFT_VERSION = 5.0;
				TARGETED_DEVICE_FAMILY = "1,2";
			};
			name = Debug;
		};
		6B09C9E02978BDF30035384B /* Release */ = {
			isa = XCBuildConfiguration;
			buildSettings = {
				ASSETCATALOG_COMPILER_APPICON_NAME = AppIcon;
				ASSETCATALOG_COMPILER_GLOBAL_ACCENT_COLOR_NAME = AccentColor;
				CODE_SIGN_STYLE = Automatic;
				CURRENT_PROJECT_VERSION = 1;
				DEVELOPMENT_TEAM = 7RX2WS3BM6;
				GENERATE_INFOPLIST_FILE = YES;
				INFOPLIST_KEY_UIApplicationSupportsIndirectInputEvents = YES;
				INFOPLIST_KEY_UILaunchStoryboardName = LaunchScreen;
				INFOPLIST_KEY_UIMainStoryboardFile = Main;
				INFOPLIST_KEY_UIStatusBarHidden = YES;
				INFOPLIST_KEY_UISupportedInterfaceOrientations_iPad = "UIInterfaceOrientationPortrait UIInterfaceOrientationPortraitUpsideDown UIInterfaceOrientationLandscapeLeft UIInterfaceOrientationLandscapeRight";
				INFOPLIST_KEY_UISupportedInterfaceOrientations_iPhone = "UIInterfaceOrientationPortrait UIInterfaceOrientationLandscapeLeft UIInterfaceOrientationLandscapeRight";
				LD_RUNPATH_SEARCH_PATHS = (
					"$(inherited)",
					"@executable_path/Frameworks",
				);
				MARKETING_VERSION = 1.0;
				PRODUCT_BUNDLE_IDENTIFIER = "ca.centennialcollege.MAPD724-W2023-ICE1";
				PRODUCT_NAME = "$(TARGET_NAME)";
				SWIFT_EMIT_LOC_STRINGS = YES;
				SWIFT_VERSION = 5.0;
				TARGETED_DEVICE_FAMILY = "1,2";
			};
			name = Release;
		};
/* End XCBuildConfiguration section */

/* Begin XCConfigurationList section */
		6B09C9C22978BDF20035384B /* Build configuration list for PBXProject "MAPD724-W2023-ICE2" */ = {
			isa = XCConfigurationList;
			buildConfigurations = (
				6B09C9DC2978BDF30035384B /* Debug */,
				6B09C9DD2978BDF30035384B /* Release */,
			);
			defaultConfigurationIsVisible = 0;
			defaultConfigurationName = Release;
		};
		6B09C9DE2978BDF30035384B /* Build configuration list for PBXNativeTarget "MAPD724-W2023-ICE2" */ = {
			isa = XCConfigurationList;
			buildConfigurations = (
				6B09C9DF2978BDF30035384B /* Debug */,
				6B09C9E02978BDF30035384B /* Release */,
			);
			defaultConfigurationIsVisible = 0;
			defaultConfigurationName = Release;
		};
/* End XCConfigurationList section */
	};
	rootObject = 6B09C9BF2978BDF20035384B /* Project object */;
}
