// !$*UTF8*$!
{
	archiveVersion = 1;
	classes = {
	};
	objectVersion = 56;
	objects = {

/* Begin PBXBuildFile section */
		6B07FE25298F221100B2E60C /* CollisionManager.swift in Sources */ = {isa = PBXBuildFile; fileRef = 6B07FE24298F221100B2E60C /* CollisionManager.swift */; };
		6B07FE2A298F5A1100B2E60C /* ScoreManager.swift in Sources */ = {isa = PBXBuildFile; fileRef = 6B07FE29298F5A1100B2E60C /* ScoreManager.swift */; };
		6B07FE6C29906E3800B2E60C /* bullet.png in Resources */ = {isa = PBXBuildFile; fileRef = 6B07FE2F29906E3800B2E60C /* bullet.png */; };
		6B07FE6D29906E3800B2E60C /* plane3.png in Resources */ = {isa = PBXBuildFile; fileRef = 6B07FE3029906E3800B2E60C /* plane3.png */; };
		6B07FE6E29906E3800B2E60C /* plane2.png in Resources */ = {isa = PBXBuildFile; fileRef = 6B07FE3129906E3800B2E60C /* plane2.png */; };
		6B07FE6F29906E3800B2E60C /* plane1.png in Resources */ = {isa = PBXBuildFile; fileRef = 6B07FE3229906E3800B2E60C /* plane1.png */; };
		6B07FE7029906E3800B2E60C /* backButton.png in Resources */ = {isa = PBXBuildFile; fileRef = 6B07FE3329906E3800B2E60C /* backButton.png */; };
		6B07FE7129906E3800B2E60C /* plane.png in Resources */ = {isa = PBXBuildFile; fileRef = 6B07FE3429906E3800B2E60C /* plane.png */; };
		6B07FE7229906E3800B2E60C /* island.png in Resources */ = {isa = PBXBuildFile; fileRef = 6B07FE3529906E3800B2E60C /* island.png */; };
		6B07FE7329906E3800B2E60C /* planeflash2.png in Resources */ = {isa = PBXBuildFile; fileRef = 6B07FE3629906E3800B2E60C /* planeflash2.png */; };
		6B07FE7429906E3800B2E60C /* clickMeButton.png in Resources */ = {isa = PBXBuildFile; fileRef = 6B07FE3729906E3800B2E60C /* clickMeButton.png */; };
		6B07FE7529906E3800B2E60C /* planeflash1.png in Resources */ = {isa = PBXBuildFile; fileRef = 6B07FE3829906E3800B2E60C /* planeflash1.png */; };
		6B07FE7629906E3800B2E60C /* ocean.gif in Resources */ = {isa = PBXBuildFile; fileRef = 6B07FE3929906E3800B2E60C /* ocean.gif */; };
		6B07FE7729906E3800B2E60C /* coin08.png in Resources */ = {isa = PBXBuildFile; fileRef = 6B07FE3A29906E3800B2E60C /* coin08.png */; };
		6B07FE7829906E3800B2E60C /* coin09.png in Resources */ = {isa = PBXBuildFile; fileRef = 6B07FE3B29906E3800B2E60C /* coin09.png */; };
		6B07FE7929906E3800B2E60C /* restartButton.png in Resources */ = {isa = PBXBuildFile; fileRef = 6B07FE3C29906E3800B2E60C /* restartButton.png */; };
		6B07FE7A29906E3800B2E60C /* coin10.png in Resources */ = {isa = PBXBuildFile; fileRef = 6B07FE3D29906E3800B2E60C /* coin10.png */; };
		6B07FE7B29906E3800B2E60C /* coin04.png in Resources */ = {isa = PBXBuildFile; fileRef = 6B07FE3E29906E3800B2E60C /* coin04.png */; };
		6B07FE7C29906E3800B2E60C /* smallexplosion4.png in Resources */ = {isa = PBXBuildFile; fileRef = 6B07FE3F29906E3800B2E60C /* smallexplosion4.png */; };
		6B07FE7D29906E3800B2E60C /* smallexplosion5.png in Resources */ = {isa = PBXBuildFile; fileRef = 6B07FE4029906E3800B2E60C /* smallexplosion5.png */; };
		6B07FE7E29906E3800B2E60C /* coin05.png in Resources */ = {isa = PBXBuildFile; fileRef = 6B07FE4129906E3800B2E60C /* coin05.png */; };
		6B07FE7F29906E3800B2E60C /* coin07.png in Resources */ = {isa = PBXBuildFile; fileRef = 6B07FE4229906E3800B2E60C /* coin07.png */; };
		6B07FE8029906E3800B2E60C /* smallexplosion6.png in Resources */ = {isa = PBXBuildFile; fileRef = 6B07FE4329906E3800B2E60C /* smallexplosion6.png */; };
		6B07FE8129906E3800B2E60C /* coin06.png in Resources */ = {isa = PBXBuildFile; fileRef = 6B07FE4429906E3800B2E60C /* coin06.png */; };
		6B07FE8229906E3800B2E60C /* cloud.png in Resources */ = {isa = PBXBuildFile; fileRef = 6B07FE4529906E3800B2E60C /* cloud.png */; };
		6B07FE8329906E3800B2E60C /* coin02.png in Resources */ = {isa = PBXBuildFile; fileRef = 6B07FE4629906E3800B2E60C /* coin02.png */; };
		6B07FE8429906E3800B2E60C /* smallexplosion2.png in Resources */ = {isa = PBXBuildFile; fileRef = 6B07FE4729906E3800B2E60C /* smallexplosion2.png */; };
		6B07FE8529906E3800B2E60C /* smallexplosion3.png in Resources */ = {isa = PBXBuildFile; fileRef = 6B07FE4829906E3800B2E60C /* smallexplosion3.png */; };
		6B07FE8629906E3800B2E60C /* coin03.png in Resources */ = {isa = PBXBuildFile; fileRef = 6B07FE4929906E3800B2E60C /* coin03.png */; };
		6B07FE8729906E3800B2E60C /* coin01.png in Resources */ = {isa = PBXBuildFile; fileRef = 6B07FE4A29906E3800B2E60C /* coin01.png */; };
		6B07FE8829906E3800B2E60C /* smallexplosion1.png in Resources */ = {isa = PBXBuildFile; fileRef = 6B07FE4B29906E3800B2E60C /* smallexplosion1.png */; };
		6B07FE8929906E3800B2E60C /* nextButton.png in Resources */ = {isa = PBXBuildFile; fileRef = 6B07FE4C29906E3800B2E60C /* nextButton.png */; };
		6B07FE8A29906E3800B2E60C /* explosion1.png in Resources */ = {isa = PBXBuildFile; fileRef = 6B07FE4D29906E3800B2E60C /* explosion1.png */; };
		6B07FE8B29906E3800B2E60C /* enemy1.png in Resources */ = {isa = PBXBuildFile; fileRef = 6B07FE4E29906E3800B2E60C /* enemy1.png */; };
		6B07FE8C29906E3800B2E60C /* explosion2.png in Resources */ = {isa = PBXBuildFile; fileRef = 6B07FE4F29906E3800B2E60C /* explosion2.png */; };
		6B07FE8D29906E3800B2E60C /* enemy3.png in Resources */ = {isa = PBXBuildFile; fileRef = 6B07FE5029906E3800B2E60C /* enemy3.png */; };
		6B07FE8E29906E3800B2E60C /* enemy2.png in Resources */ = {isa = PBXBuildFile; fileRef = 6B07FE5129906E3800B2E60C /* enemy2.png */; };
		6B07FE8F29906E3800B2E60C /* ocean.png in Resources */ = {isa = PBXBuildFile; fileRef = 6B07FE5229906E3800B2E60C /* ocean.png */; };
		6B07FE9029906E3800B2E60C /* explosion3.png in Resources */ = {isa = PBXBuildFile; fileRef = 6B07FE5329906E3800B2E60C /* explosion3.png */; };
		6B07FE9129906E3800B2E60C /* explosion7.png in Resources */ = {isa = PBXBuildFile; fileRef = 6B07FE5429906E3800B2E60C /* explosion7.png */; };
		6B07FE9229906E3800B2E60C /* startButton.png in Resources */ = {isa = PBXBuildFile; fileRef = 6B07FE5529906E3800B2E60C /* startButton.png */; };
		6B07FE9329906E3800B2E60C /* explosion6.png in Resources */ = {isa = PBXBuildFile; fileRef = 6B07FE5629906E3800B2E60C /* explosion6.png */; };
		6B07FE9429906E3800B2E60C /* explosion4.png in Resources */ = {isa = PBXBuildFile; fileRef = 6B07FE5729906E3800B2E60C /* explosion4.png */; };
		6B07FE9529906E3800B2E60C /* explosion5.png in Resources */ = {isa = PBXBuildFile; fileRef = 6B07FE5829906E3800B2E60C /* explosion5.png */; };
		6B07FE9629906E3800B2E60C /* life.wav in Resources */ = {isa = PBXBuildFile; fileRef = 6B07FE5A29906E3800B2E60C /* life.wav */; };
		6B07FE9729906E3800B2E60C /* explosion.mp3 in Resources */ = {isa = PBXBuildFile; fileRef = 6B07FE5B29906E3800B2E60C /* explosion.mp3 */; };
		6B07FE9829906E3800B2E60C /* thunder.ogg in Resources */ = {isa = PBXBuildFile; fileRef = 6B07FE5C29906E3800B2E60C /* thunder.ogg */; };
		6B07FE9929906E3800B2E60C /* yay.ogg in Resources */ = {isa = PBXBuildFile; fileRef = 6B07FE5D29906E3800B2E60C /* yay.ogg */; };
		6B07FE9A29906E3800B2E60C /* engine.ogg in Resources */ = {isa = PBXBuildFile; fileRef = 6B07FE5E29906E3800B2E60C /* engine.ogg */; };
		6B07FE9B29906E3800B2E60C /* coin.wav in Resources */ = {isa = PBXBuildFile; fileRef = 6B07FE5F29906E3800B2E60C /* coin.wav */; };
		6B07FE9C29906E3800B2E60C /* engine.mp3 in Resources */ = {isa = PBXBuildFile; fileRef = 6B07FE6029906E3800B2E60C /* engine.mp3 */; };
		6B07FE9D29906E3800B2E60C /* bullet.mp3 in Resources */ = {isa = PBXBuildFile; fileRef = 6B07FE6129906E3800B2E60C /* bullet.mp3 */; };
		6B07FE9E29906E3800B2E60C /* thunder.mp3 in Resources */ = {isa = PBXBuildFile; fileRef = 6B07FE6229906E3800B2E60C /* thunder.mp3 */; };
		6B07FE9F29906E3800B2E60C /* yay.mp3 in Resources */ = {isa = PBXBuildFile; fileRef = 6B07FE6329906E3800B2E60C /* yay.mp3 */; };
		6B07FEA029906E3800B2E60C /* textureAtlas.png in Resources */ = {isa = PBXBuildFile; fileRef = 6B07FE6529906E3800B2E60C /* textureAtlas.png */; };
		6B07FEA129906E3800B2E60C /* textureAtlas.json in Resources */ = {isa = PBXBuildFile; fileRef = 6B07FE6629906E3800B2E60C /* textureAtlas.json */; };
		6B07FEA229906E3800B2E60C /* MailPilotDemoProject.tps in Resources */ = {isa = PBXBuildFile; fileRef = 6B07FE6729906E3800B2E60C /* MailPilotDemoProject.tps */; };
		6B07FEA329906E3800B2E60C /* dock51.woff in Resources */ = {isa = PBXBuildFile; fileRef = 6B07FE6929906E3800B2E60C /* dock51.woff */; };
		6B07FEA429906E3800B2E60C /* dock51.woff2 in Resources */ = {isa = PBXBuildFile; fileRef = 6B07FE6A29906E3800B2E60C /* dock51.woff2 */; };
		6B07FEA529906E3800B2E60C /* Dock51.ttf in Resources */ = {isa = PBXBuildFile; fileRef = 6B07FE6B29906E3800B2E60C /* Dock51.ttf */; };
		6B09C9CB2978BDF20035384B /* AppDelegate.swift in Sources */ = {isa = PBXBuildFile; fileRef = 6B09C9CA2978BDF20035384B /* AppDelegate.swift */; };
		6B09C9CD2978BDF20035384B /* GameScene.sks in Resources */ = {isa = PBXBuildFile; fileRef = 6B09C9CC2978BDF20035384B /* GameScene.sks */; };
		6B09C9D12978BDF20035384B /* GameScene.swift in Sources */ = {isa = PBXBuildFile; fileRef = 6B09C9D02978BDF20035384B /* GameScene.swift */; };
		6B09C9D32978BDF20035384B /* GameViewController.swift in Sources */ = {isa = PBXBuildFile; fileRef = 6B09C9D22978BDF20035384B /* GameViewController.swift */; };
		6B09C9D62978BDF20035384B /* Main.storyboard in Resources */ = {isa = PBXBuildFile; fileRef = 6B09C9D42978BDF20035384B /* Main.storyboard */; };
		6B09C9D82978BDF30035384B /* Assets.xcassets in Resources */ = {isa = PBXBuildFile; fileRef = 6B09C9D72978BDF30035384B /* Assets.xcassets */; };
		6B09C9DB2978BDF30035384B /* LaunchScreen.storyboard in Resources */ = {isa = PBXBuildFile; fileRef = 6B09C9D92978BDF30035384B /* LaunchScreen.storyboard */; };
		6B09C9E52978C5F40035384B /* GameObject.swift in Sources */ = {isa = PBXBuildFile; fileRef = 6B09C9E42978C5F40035384B /* GameObject.swift */; };
		6B09C9E72978CD940035384B /* GameProtocol.swift in Sources */ = {isa = PBXBuildFile; fileRef = 6B09C9E62978CD940035384B /* GameProtocol.swift */; };
		6B09C9EA2978D0790035384B /* Ocean.swift in Sources */ = {isa = PBXBuildFile; fileRef = 6B09C9E92978D0790035384B /* Ocean.swift */; };
		6B6D09BE297CF4A500C97345 /* Player.swift in Sources */ = {isa = PBXBuildFile; fileRef = 6B6D09BD297CF4A500C97345 /* Player.swift */; };
		6BBB18F529871A9600DBDD08 /* Island.swift in Sources */ = {isa = PBXBuildFile; fileRef = 6BBB18F429871A9600DBDD08 /* Island.swift */; };
		6BBB18F729871BE900DBDD08 /* Layer.swift in Sources */ = {isa = PBXBuildFile; fileRef = 6BBB18F629871BE900DBDD08 /* Layer.swift */; };
		6BBB18F92987216F00DBDD08 /* Cloud.swift in Sources */ = {isa = PBXBuildFile; fileRef = 6BBB18F82987216F00DBDD08 /* Cloud.swift */; };
/* End PBXBuildFile section */

/* Begin PBXFileReference section */
		6B07FE24298F221100B2E60C /* CollisionManager.swift */ = {isa = PBXFileReference; lastKnownFileType = sourcecode.swift; path = CollisionManager.swift; sourceTree = "<group>"; };
		6B07FE29298F5A1100B2E60C /* ScoreManager.swift */ = {isa = PBXFileReference; lastKnownFileType = sourcecode.swift; path = ScoreManager.swift; sourceTree = "<group>"; };
		6B07FE2F29906E3800B2E60C /* bullet.png */ = {isa = PBXFileReference; lastKnownFileType = image.png; path = bullet.png; sourceTree = "<group>"; };
		6B07FE3029906E3800B2E60C /* plane3.png */ = {isa = PBXFileReference; lastKnownFileType = image.png; path = plane3.png; sourceTree = "<group>"; };
		6B07FE3129906E3800B2E60C /* plane2.png */ = {isa = PBXFileReference; lastKnownFileType = image.png; path = plane2.png; sourceTree = "<group>"; };
		6B07FE3229906E3800B2E60C /* plane1.png */ = {isa = PBXFileReference; lastKnownFileType = image.png; path = plane1.png; sourceTree = "<group>"; };
		6B07FE3329906E3800B2E60C /* backButton.png */ = {isa = PBXFileReference; lastKnownFileType = image.png; path = backButton.png; sourceTree = "<group>"; };
		6B07FE3429906E3800B2E60C /* plane.png */ = {isa = PBXFileReference; lastKnownFileType = image.png; path = plane.png; sourceTree = "<group>"; };
		6B07FE3529906E3800B2E60C /* island.png */ = {isa = PBXFileReference; lastKnownFileType = image.png; path = island.png; sourceTree = "<group>"; };
		6B07FE3629906E3800B2E60C /* planeflash2.png */ = {isa = PBXFileReference; lastKnownFileType = image.png; path = planeflash2.png; sourceTree = "<group>"; };
		6B07FE3729906E3800B2E60C /* clickMeButton.png */ = {isa = PBXFileReference; lastKnownFileType = image.png; path = clickMeButton.png; sourceTree = "<group>"; };
		6B07FE3829906E3800B2E60C /* planeflash1.png */ = {isa = PBXFileReference; lastKnownFileType = image.png; path = planeflash1.png; sourceTree = "<group>"; };
		6B07FE3929906E3800B2E60C /* ocean.gif */ = {isa = PBXFileReference; lastKnownFileType = image.gif; path = ocean.gif; sourceTree = "<group>"; };
		6B07FE3A29906E3800B2E60C /* coin08.png */ = {isa = PBXFileReference; lastKnownFileType = image.png; path = coin08.png; sourceTree = "<group>"; };
		6B07FE3B29906E3800B2E60C /* coin09.png */ = {isa = PBXFileReference; lastKnownFileType = image.png; path = coin09.png; sourceTree = "<group>"; };
		6B07FE3C29906E3800B2E60C /* restartButton.png */ = {isa = PBXFileReference; lastKnownFileType = image.png; path = restartButton.png; sourceTree = "<group>"; };
		6B07FE3D29906E3800B2E60C /* coin10.png */ = {isa = PBXFileReference; lastKnownFileType = image.png; path = coin10.png; sourceTree = "<group>"; };
		6B07FE3E29906E3800B2E60C /* coin04.png */ = {isa = PBXFileReference; lastKnownFileType = image.png; path = coin04.png; sourceTree = "<group>"; };
		6B07FE3F29906E3800B2E60C /* smallexplosion4.png */ = {isa = PBXFileReference; lastKnownFileType = image.png; path = smallexplosion4.png; sourceTree = "<group>"; };
		6B07FE4029906E3800B2E60C /* smallexplosion5.png */ = {isa = PBXFileReference; lastKnownFileType = image.png; path = smallexplosion5.png; sourceTree = "<group>"; };
		6B07FE4129906E3800B2E60C /* coin05.png */ = {isa = PBXFileReference; lastKnownFileType = image.png; path = coin05.png; sourceTree = "<group>"; };
		6B07FE4229906E3800B2E60C /* coin07.png */ = {isa = PBXFileReference; lastKnownFileType = image.png; path = coin07.png; sourceTree = "<group>"; };
		6B07FE4329906E3800B2E60C /* smallexplosion6.png */ = {isa = PBXFileReference; lastKnownFileType = image.png; path = smallexplosion6.png; sourceTree = "<group>"; };
		6B07FE4429906E3800B2E60C /* coin06.png */ = {isa = PBXFileReference; lastKnownFileType = image.png; path = coin06.png; sourceTree = "<group>"; };
		6B07FE4529906E3800B2E60C /* cloud.png */ = {isa = PBXFileReference; lastKnownFileType = image.png; path = cloud.png; sourceTree = "<group>"; };
		6B07FE4629906E3800B2E60C /* coin02.png */ = {isa = PBXFileReference; lastKnownFileType = image.png; path = coin02.png; sourceTree = "<group>"; };
		6B07FE4729906E3800B2E60C /* smallexplosion2.png */ = {isa = PBXFileReference; lastKnownFileType = image.png; path = smallexplosion2.png; sourceTree = "<group>"; };
		6B07FE4829906E3800B2E60C /* smallexplosion3.png */ = {isa = PBXFileReference; lastKnownFileType = image.png; path = smallexplosion3.png; sourceTree = "<group>"; };
		6B07FE4929906E3800B2E60C /* coin03.png */ = {isa = PBXFileReference; lastKnownFileType = image.png; path = coin03.png; sourceTree = "<group>"; };
		6B07FE4A29906E3800B2E60C /* coin01.png */ = {isa = PBXFileReference; lastKnownFileType = image.png; path = coin01.png; sourceTree = "<group>"; };
		6B07FE4B29906E3800B2E60C /* smallexplosion1.png */ = {isa = PBXFileReference; lastKnownFileType = image.png; path = smallexplosion1.png; sourceTree = "<group>"; };
		6B07FE4C29906E3800B2E60C /* nextButton.png */ = {isa = PBXFileReference; lastKnownFileType = image.png; path = nextButton.png; sourceTree = "<group>"; };
		6B07FE4D29906E3800B2E60C /* explosion1.png */ = {isa = PBXFileReference; lastKnownFileType = image.png; path = explosion1.png; sourceTree = "<group>"; };
		6B07FE4E29906E3800B2E60C /* enemy1.png */ = {isa = PBXFileReference; lastKnownFileType = image.png; path = enemy1.png; sourceTree = "<group>"; };
		6B07FE4F29906E3800B2E60C /* explosion2.png */ = {isa = PBXFileReference; lastKnownFileType = image.png; path = explosion2.png; sourceTree = "<group>"; };
		6B07FE5029906E3800B2E60C /* enemy3.png */ = {isa = PBXFileReference; lastKnownFileType = image.png; path = enemy3.png; sourceTree = "<group>"; };
		6B07FE5129906E3800B2E60C /* enemy2.png */ = {isa = PBXFileReference; lastKnownFileType = image.png; path = enemy2.png; sourceTree = "<group>"; };
		6B07FE5229906E3800B2E60C /* ocean.png */ = {isa = PBXFileReference; lastKnownFileType = image.png; path = ocean.png; sourceTree = "<group>"; };
		6B07FE5329906E3800B2E60C /* explosion3.png */ = {isa = PBXFileReference; lastKnownFileType = image.png; path = explosion3.png; sourceTree = "<group>"; };
		6B07FE5429906E3800B2E60C /* explosion7.png */ = {isa = PBXFileReference; lastKnownFileType = image.png; path = explosion7.png; sourceTree = "<group>"; };
		6B07FE5529906E3800B2E60C /* startButton.png */ = {isa = PBXFileReference; lastKnownFileType = image.png; path = startButton.png; sourceTree = "<group>"; };
		6B07FE5629906E3800B2E60C /* explosion6.png */ = {isa = PBXFileReference; lastKnownFileType = image.png; path = explosion6.png; sourceTree = "<group>"; };
		6B07FE5729906E3800B2E60C /* explosion4.png */ = {isa = PBXFileReference; lastKnownFileType = image.png; path = explosion4.png; sourceTree = "<group>"; };
		6B07FE5829906E3800B2E60C /* explosion5.png */ = {isa = PBXFileReference; lastKnownFileType = image.png; path = explosion5.png; sourceTree = "<group>"; };
		6B07FE5A29906E3800B2E60C /* life.wav */ = {isa = PBXFileReference; lastKnownFileType = audio.wav; path = life.wav; sourceTree = "<group>"; };
		6B07FE5B29906E3800B2E60C /* explosion.mp3 */ = {isa = PBXFileReference; lastKnownFileType = audio.mp3; path = explosion.mp3; sourceTree = "<group>"; };
		6B07FE5C29906E3800B2E60C /* thunder.ogg */ = {isa = PBXFileReference; lastKnownFileType = file; path = thunder.ogg; sourceTree = "<group>"; };
		6B07FE5D29906E3800B2E60C /* yay.ogg */ = {isa = PBXFileReference; lastKnownFileType = file; path = yay.ogg; sourceTree = "<group>"; };
		6B07FE5E29906E3800B2E60C /* engine.ogg */ = {isa = PBXFileReference; lastKnownFileType = file; path = engine.ogg; sourceTree = "<group>"; };
		6B07FE5F29906E3800B2E60C /* coin.wav */ = {isa = PBXFileReference; lastKnownFileType = audio.wav; path = coin.wav; sourceTree = "<group>"; };
		6B07FE6029906E3800B2E60C /* engine.mp3 */ = {isa = PBXFileReference; lastKnownFileType = audio.mp3; path = engine.mp3; sourceTree = "<group>"; };
		6B07FE6129906E3800B2E60C /* bullet.mp3 */ = {isa = PBXFileReference; lastKnownFileType = audio.mp3; path = bullet.mp3; sourceTree = "<group>"; };
		6B07FE6229906E3800B2E60C /* thunder.mp3 */ = {isa = PBXFileReference; lastKnownFileType = audio.mp3; path = thunder.mp3; sourceTree = "<group>"; };
		6B07FE6329906E3800B2E60C /* yay.mp3 */ = {isa = PBXFileReference; lastKnownFileType = audio.mp3; path = yay.mp3; sourceTree = "<group>"; };
		6B07FE6529906E3800B2E60C /* textureAtlas.png */ = {isa = PBXFileReference; lastKnownFileType = image.png; path = textureAtlas.png; sourceTree = "<group>"; };
		6B07FE6629906E3800B2E60C /* textureAtlas.json */ = {isa = PBXFileReference; fileEncoding = 4; lastKnownFileType = text.json; path = textureAtlas.json; sourceTree = "<group>"; };
		6B07FE6729906E3800B2E60C /* MailPilotDemoProject.tps */ = {isa = PBXFileReference; fileEncoding = 4; lastKnownFileType = text.xml; path = MailPilotDemoProject.tps; sourceTree = "<group>"; };
		6B07FE6929906E3800B2E60C /* dock51.woff */ = {isa = PBXFileReference; lastKnownFileType = file; path = dock51.woff; sourceTree = "<group>"; };
		6B07FE6A29906E3800B2E60C /* dock51.woff2 */ = {isa = PBXFileReference; lastKnownFileType = file; path = dock51.woff2; sourceTree = "<group>"; };
		6B07FE6B29906E3800B2E60C /* Dock51.ttf */ = {isa = PBXFileReference; lastKnownFileType = file; path = Dock51.ttf; sourceTree = "<group>"; };
		6B09C9C72978BDF20035384B /* MAPD724-W2023-ICE3.app */ = {isa = PBXFileReference; explicitFileType = wrapper.application; includeInIndex = 0; path = "MAPD724-W2023-ICE3.app"; sourceTree = BUILT_PRODUCTS_DIR; };
		6B09C9CA2978BDF20035384B /* AppDelegate.swift */ = {isa = PBXFileReference; lastKnownFileType = sourcecode.swift; path = AppDelegate.swift; sourceTree = "<group>"; };
		6B09C9CC2978BDF20035384B /* GameScene.sks */ = {isa = PBXFileReference; lastKnownFileType = file.sks; path = GameScene.sks; sourceTree = "<group>"; };
		6B09C9D02978BDF20035384B /* GameScene.swift */ = {isa = PBXFileReference; lastKnownFileType = sourcecode.swift; path = GameScene.swift; sourceTree = "<group>"; };
		6B09C9D22978BDF20035384B /* GameViewController.swift */ = {isa = PBXFileReference; lastKnownFileType = sourcecode.swift; path = GameViewController.swift; sourceTree = "<group>"; };
		6B09C9D52978BDF20035384B /* Base */ = {isa = PBXFileReference; lastKnownFileType = file.storyboard; name = Base; path = Base.lproj/Main.storyboard; sourceTree = "<group>"; };
		6B09C9D72978BDF30035384B /* Assets.xcassets */ = {isa = PBXFileReference; lastKnownFileType = folder.assetcatalog; path = Assets.xcassets; sourceTree = "<group>"; };
		6B09C9DA2978BDF30035384B /* Base */ = {isa = PBXFileReference; lastKnownFileType = file.storyboard; name = Base; path = Base.lproj/LaunchScreen.storyboard; sourceTree = "<group>"; };
		6B09C9E42978C5F40035384B /* GameObject.swift */ = {isa = PBXFileReference; lastKnownFileType = sourcecode.swift; path = GameObject.swift; sourceTree = "<group>"; };
		6B09C9E62978CD940035384B /* GameProtocol.swift */ = {isa = PBXFileReference; lastKnownFileType = sourcecode.swift; path = GameProtocol.swift; sourceTree = "<group>"; };
		6B09C9E92978D0790035384B /* Ocean.swift */ = {isa = PBXFileReference; lastKnownFileType = sourcecode.swift; path = Ocean.swift; sourceTree = "<group>"; };
		6B6D09BD297CF4A500C97345 /* Player.swift */ = {isa = PBXFileReference; lastKnownFileType = sourcecode.swift; path = Player.swift; sourceTree = "<group>"; };
		6BBB18F429871A9600DBDD08 /* Island.swift */ = {isa = PBXFileReference; lastKnownFileType = sourcecode.swift; path = Island.swift; sourceTree = "<group>"; };
		6BBB18F629871BE900DBDD08 /* Layer.swift */ = {isa = PBXFileReference; lastKnownFileType = sourcecode.swift; path = Layer.swift; sourceTree = "<group>"; };
		6BBB18F82987216F00DBDD08 /* Cloud.swift */ = {isa = PBXFileReference; lastKnownFileType = sourcecode.swift; path = Cloud.swift; sourceTree = "<group>"; };
/* End PBXFileReference section */

/* Begin PBXFrameworksBuildPhase section */
		6B09C9C42978BDF20035384B /* Frameworks */ = {
			isa = PBXFrameworksBuildPhase;
			buildActionMask = 2147483647;
			files = (
			);
			runOnlyForDeploymentPostprocessing = 0;
		};
/* End PBXFrameworksBuildPhase section */

/* Begin PBXGroup section */
		6B07FE23298F21EC00B2E60C /* Managers */ = {
			isa = PBXGroup;
			children = (
				6B07FE24298F221100B2E60C /* CollisionManager.swift */,
				6B07FE29298F5A1100B2E60C /* ScoreManager.swift */,
			);
			path = Managers;
			sourceTree = "<group>";
		};
		6B07FE2D29906E3800B2E60C /* Assets */ = {
			isa = PBXGroup;
			children = (
				6B07FE2E29906E3800B2E60C /* images */,
				6B07FE5929906E3800B2E60C /* audio */,
				6B07FE6429906E3800B2E60C /* sprites */,
				6B07FE6829906E3800B2E60C /* fonts */,
			);
			name = Assets;
			path = ../../Assets;
			sourceTree = "<group>";
		};
		6B07FE2E29906E3800B2E60C /* images */ = {
			isa = PBXGroup;
			children = (
				6B07FE2F29906E3800B2E60C /* bullet.png */,
				6B07FE3029906E3800B2E60C /* plane3.png */,
				6B07FE3129906E3800B2E60C /* plane2.png */,
				6B07FE3229906E3800B2E60C /* plane1.png */,
				6B07FE3329906E3800B2E60C /* backButton.png */,
				6B07FE3429906E3800B2E60C /* plane.png */,
				6B07FE3529906E3800B2E60C /* island.png */,
				6B07FE3629906E3800B2E60C /* planeflash2.png */,
				6B07FE3729906E3800B2E60C /* clickMeButton.png */,
				6B07FE3829906E3800B2E60C /* planeflash1.png */,
				6B07FE3929906E3800B2E60C /* ocean.gif */,
				6B07FE3A29906E3800B2E60C /* coin08.png */,
				6B07FE3B29906E3800B2E60C /* coin09.png */,
				6B07FE3C29906E3800B2E60C /* restartButton.png */,
				6B07FE3D29906E3800B2E60C /* coin10.png */,
				6B07FE3E29906E3800B2E60C /* coin04.png */,
				6B07FE3F29906E3800B2E60C /* smallexplosion4.png */,
				6B07FE4029906E3800B2E60C /* smallexplosion5.png */,
				6B07FE4129906E3800B2E60C /* coin05.png */,
				6B07FE4229906E3800B2E60C /* coin07.png */,
				6B07FE4329906E3800B2E60C /* smallexplosion6.png */,
				6B07FE4429906E3800B2E60C /* coin06.png */,
				6B07FE4529906E3800B2E60C /* cloud.png */,
				6B07FE4629906E3800B2E60C /* coin02.png */,
				6B07FE4729906E3800B2E60C /* smallexplosion2.png */,
				6B07FE4829906E3800B2E60C /* smallexplosion3.png */,
				6B07FE4929906E3800B2E60C /* coin03.png */,
				6B07FE4A29906E3800B2E60C /* coin01.png */,
				6B07FE4B29906E3800B2E60C /* smallexplosion1.png */,
				6B07FE4C29906E3800B2E60C /* nextButton.png */,
				6B07FE4D29906E3800B2E60C /* explosion1.png */,
				6B07FE4E29906E3800B2E60C /* enemy1.png */,
				6B07FE4F29906E3800B2E60C /* explosion2.png */,
				6B07FE5029906E3800B2E60C /* enemy3.png */,
				6B07FE5129906E3800B2E60C /* enemy2.png */,
				6B07FE5229906E3800B2E60C /* ocean.png */,
				6B07FE5329906E3800B2E60C /* explosion3.png */,
				6B07FE5429906E3800B2E60C /* explosion7.png */,
				6B07FE5529906E3800B2E60C /* startButton.png */,
				6B07FE5629906E3800B2E60C /* explosion6.png */,
				6B07FE5729906E3800B2E60C /* explosion4.png */,
				6B07FE5829906E3800B2E60C /* explosion5.png */,
			);
			path = images;
			sourceTree = "<group>";
		};
		6B07FE5929906E3800B2E60C /* audio */ = {
			isa = PBXGroup;
			children = (
				6B07FE5A29906E3800B2E60C /* life.wav */,
				6B07FE5B29906E3800B2E60C /* explosion.mp3 */,
				6B07FE5C29906E3800B2E60C /* thunder.ogg */,
				6B07FE5D29906E3800B2E60C /* yay.ogg */,
				6B07FE5E29906E3800B2E60C /* engine.ogg */,
				6B07FE5F29906E3800B2E60C /* coin.wav */,
				6B07FE6029906E3800B2E60C /* engine.mp3 */,
				6B07FE6129906E3800B2E60C /* bullet.mp3 */,
				6B07FE6229906E3800B2E60C /* thunder.mp3 */,
				6B07FE6329906E3800B2E60C /* yay.mp3 */,
			);
			path = audio;
			sourceTree = "<group>";
		};
		6B07FE6429906E3800B2E60C /* sprites */ = {
			isa = PBXGroup;
			children = (
				6B07FE6529906E3800B2E60C /* textureAtlas.png */,
				6B07FE6629906E3800B2E60C /* textureAtlas.json */,
				6B07FE6729906E3800B2E60C /* MailPilotDemoProject.tps */,
			);
			path = sprites;
			sourceTree = "<group>";
		};
		6B07FE6829906E3800B2E60C /* fonts */ = {
			isa = PBXGroup;
			children = (
				6B07FE6929906E3800B2E60C /* dock51.woff */,
				6B07FE6A29906E3800B2E60C /* dock51.woff2 */,
				6B07FE6B29906E3800B2E60C /* Dock51.ttf */,
			);
			path = fonts;
			sourceTree = "<group>";
		};
		6B09C9BE2978BDF20035384B = {
			isa = PBXGroup;
			children = (
				6B09C9C92978BDF20035384B /* MAPD724-W2023-ICE3 */,
				6B09C9C82978BDF20035384B /* Products */,
			);
			sourceTree = "<group>";
		};
		6B09C9C82978BDF20035384B /* Products */ = {
			isa = PBXGroup;
			children = (
				6B09C9C72978BDF20035384B /* MAPD724-W2023-ICE3.app */,
			);
			name = Products;
			sourceTree = "<group>";
		};
		6B09C9C92978BDF20035384B /* MAPD724-W2023-ICE3 */ = {
			isa = PBXGroup;
			children = (
				6B07FE2D29906E3800B2E60C /* Assets */,
				6B07FE23298F21EC00B2E60C /* Managers */,
				6B09C9E82978D05E0035384B /* GameObjects */,
				6B09C9E32978C5D40035384B /* Core */,
				6B09C9CA2978BDF20035384B /* AppDelegate.swift */,
				6B09C9CC2978BDF20035384B /* GameScene.sks */,
				6B09C9D02978BDF20035384B /* GameScene.swift */,
				6B09C9D22978BDF20035384B /* GameViewController.swift */,
				6B09C9D42978BDF20035384B /* Main.storyboard */,
				6B09C9D72978BDF30035384B /* Assets.xcassets */,
				6B09C9D92978BDF30035384B /* LaunchScreen.storyboard */,
			);
			path = "MAPD724-W2023-ICE3";
			sourceTree = "<group>";
		};
		6B09C9E32978C5D40035384B /* Core */ = {
			isa = PBXGroup;
			children = (
				6B09C9E42978C5F40035384B /* GameObject.swift */,
				6B09C9E62978CD940035384B /* GameProtocol.swift */,
				6BBB18F629871BE900DBDD08 /* Layer.swift */,
			);
			path = Core;
			sourceTree = "<group>";
		};
		6B09C9E82978D05E0035384B /* GameObjects */ = {
			isa = PBXGroup;
			children = (
				6B09C9E92978D0790035384B /* Ocean.swift */,
				6B6D09BD297CF4A500C97345 /* Player.swift */,
				6BBB18F429871A9600DBDD08 /* Island.swift */,
				6BBB18F82987216F00DBDD08 /* Cloud.swift */,
			);
			path = GameObjects;
			sourceTree = "<group>";
		};
/* End PBXGroup section */

/* Begin PBXNativeTarget section */
		6B09C9C62978BDF20035384B /* MAPD724-W2023-ICE3 */ = {
			isa = PBXNativeTarget;
			buildConfigurationList = 6B09C9DE2978BDF30035384B /* Build configuration list for PBXNativeTarget "MAPD724-W2023-ICE3" */;
			buildPhases = (
				6B09C9C32978BDF20035384B /* Sources */,
				6B09C9C42978BDF20035384B /* Frameworks */,
				6B09C9C52978BDF20035384B /* Resources */,
			);
			buildRules = (
			);
			dependencies = (
			);
			name = "MAPD724-W2023-ICE3";
			productName = "MAPD724-W2023-ICE1";
			productReference = 6B09C9C72978BDF20035384B /* MAPD724-W2023-ICE3.app */;
			productType = "com.apple.product-type.application";
		};
/* End PBXNativeTarget section */

/* Begin PBXProject section */
		6B09C9BF2978BDF20035384B /* Project object */ = {
			isa = PBXProject;
			attributes = {
				BuildIndependentTargetsInParallel = 1;
				LastSwiftUpdateCheck = 1400;
				LastUpgradeCheck = 1400;
				TargetAttributes = {
					6B09C9C62978BDF20035384B = {
						CreatedOnToolsVersion = 14.0;
					};
				};
			};
			buildConfigurationList = 6B09C9C22978BDF20035384B /* Build configuration list for PBXProject "MAPD724-W2023-ICE3" */;
			compatibilityVersion = "Xcode 14.0";
			developmentRegion = en;
			hasScannedForEncodings = 0;
			knownRegions = (
				en,
				Base,
			);
			mainGroup = 6B09C9BE2978BDF20035384B;
			productRefGroup = 6B09C9C82978BDF20035384B /* Products */;
			projectDirPath = "";
			projectRoot = "";
			targets = (
				6B09C9C62978BDF20035384B /* MAPD724-W2023-ICE3 */,
			);
		};
/* End PBXProject section */

/* Begin PBXResourcesBuildPhase section */
		6B09C9C52978BDF20035384B /* Resources */ = {
			isa = PBXResourcesBuildPhase;
			buildActionMask = 2147483647;
			files = (
				6B07FEA429906E3800B2E60C /* dock51.woff2 in Resources */,
				6B07FE8C29906E3800B2E60C /* explosion2.png in Resources */,
				6B07FE9529906E3800B2E60C /* explosion5.png in Resources */,
				6B07FE8229906E3800B2E60C /* cloud.png in Resources */,
				6B07FE8F29906E3800B2E60C /* ocean.png in Resources */,
				6B09C9D62978BDF20035384B /* Main.storyboard in Resources */,
				6B07FE7829906E3800B2E60C /* coin09.png in Resources */,
				6B07FE7629906E3800B2E60C /* ocean.gif in Resources */,
				6B07FE8B29906E3800B2E60C /* enemy1.png in Resources */,
				6B07FE9229906E3800B2E60C /* startButton.png in Resources */,
				6B07FE8829906E3800B2E60C /* smallexplosion1.png in Resources */,
				6B07FE7229906E3800B2E60C /* island.png in Resources */,
				6B07FE9629906E3800B2E60C /* life.wav in Resources */,
				6B07FE9729906E3800B2E60C /* explosion.mp3 in Resources */,
				6B07FE9829906E3800B2E60C /* thunder.ogg in Resources */,
				6B07FE8129906E3800B2E60C /* coin06.png in Resources */,
				6B07FEA129906E3800B2E60C /* textureAtlas.json in Resources */,
				6B09C9CD2978BDF20035384B /* GameScene.sks in Resources */,
				6B07FE9F29906E3800B2E60C /* yay.mp3 in Resources */,
				6B07FEA529906E3800B2E60C /* Dock51.ttf in Resources */,
				6B07FE9329906E3800B2E60C /* explosion6.png in Resources */,
				6B07FE9029906E3800B2E60C /* explosion3.png in Resources */,
				6B07FE9429906E3800B2E60C /* explosion4.png in Resources */,
				6B07FE8729906E3800B2E60C /* coin01.png in Resources */,
				6B07FE7129906E3800B2E60C /* plane.png in Resources */,
				6B07FE8029906E3800B2E60C /* smallexplosion6.png in Resources */,
				6B07FE9C29906E3800B2E60C /* engine.mp3 in Resources */,
				6B07FE7E29906E3800B2E60C /* coin05.png in Resources */,
				6B07FE6D29906E3800B2E60C /* plane3.png in Resources */,
				6B07FE8E29906E3800B2E60C /* enemy2.png in Resources */,
				6B07FE9929906E3800B2E60C /* yay.ogg in Resources */,
				6B07FE8429906E3800B2E60C /* smallexplosion2.png in Resources */,
				6B07FE9D29906E3800B2E60C /* bullet.mp3 in Resources */,
				6B07FE6C29906E3800B2E60C /* bullet.png in Resources */,
				6B07FE7029906E3800B2E60C /* backButton.png in Resources */,
				6B07FE8D29906E3800B2E60C /* enemy3.png in Resources */,
				6B09C9D82978BDF30035384B /* Assets.xcassets in Resources */,
				6B07FE9129906E3800B2E60C /* explosion7.png in Resources */,
				6B07FE7B29906E3800B2E60C /* coin04.png in Resources */,
				6B07FEA029906E3800B2E60C /* textureAtlas.png in Resources */,
				6B07FE7D29906E3800B2E60C /* smallexplosion5.png in Resources */,
				6B07FE8A29906E3800B2E60C /* explosion1.png in Resources */,
				6B07FE8329906E3800B2E60C /* coin02.png in Resources */,
				6B09C9DB2978BDF30035384B /* LaunchScreen.storyboard in Resources */,
				6B07FE8629906E3800B2E60C /* coin03.png in Resources */,
				6B07FE8529906E3800B2E60C /* smallexplosion3.png in Resources */,
				6B07FE6F29906E3800B2E60C /* plane1.png in Resources */,
				6B07FE7C29906E3800B2E60C /* smallexplosion4.png in Resources */,
				6B07FE7429906E3800B2E60C /* clickMeButton.png in Resources */,
				6B07FE7A29906E3800B2E60C /* coin10.png in Resources */,
				6B07FE9A29906E3800B2E60C /* engine.ogg in Resources */,
				6B07FE7929906E3800B2E60C /* restartButton.png in Resources */,
				6B07FE7529906E3800B2E60C /* planeflash1.png in Resources */,
				6B07FE7329906E3800B2E60C /* planeflash2.png in Resources */,
				6B07FE8929906E3800B2E60C /* nextButton.png in Resources */,
				6B07FE7F29906E3800B2E60C /* coin07.png in Resources */,
				6B07FEA329906E3800B2E60C /* dock51.woff in Resources */,
				6B07FEA229906E3800B2E60C /* MailPilotDemoProject.tps in Resources */,
				6B07FE9E29906E3800B2E60C /* thunder.mp3 in Resources */,
				6B07FE9B29906E3800B2E60C /* coin.wav in Resources */,
				6B07FE7729906E3800B2E60C /* coin08.png in Resources */,
				6B07FE6E29906E3800B2E60C /* plane2.png in Resources */,
			);
			runOnlyForDeploymentPostprocessing = 0;
		};
/* End PBXResourcesBuildPhase section */

/* Begin PBXSourcesBuildPhase section */
		6B09C9C32978BDF20035384B /* Sources */ = {
			isa = PBXSourcesBuildPhase;
			buildActionMask = 2147483647;
			files = (
				6B07FE2A298F5A1100B2E60C /* ScoreManager.swift in Sources */,
				6B09C9E52978C5F40035384B /* GameObject.swift in Sources */,
				6B09C9E72978CD940035384B /* GameProtocol.swift in Sources */,
				6BBB18F529871A9600DBDD08 /* Island.swift in Sources */,
				6B07FE25298F221100B2E60C /* CollisionManager.swift in Sources */,
				6B09C9D12978BDF20035384B /* GameScene.swift in Sources */,
				6B09C9D32978BDF20035384B /* GameViewController.swift in Sources */,
				6BBB18F92987216F00DBDD08 /* Cloud.swift in Sources */,
				6B6D09BE297CF4A500C97345 /* Player.swift in Sources */,
				6BBB18F729871BE900DBDD08 /* Layer.swift in Sources */,
				6B09C9EA2978D0790035384B /* Ocean.swift in Sources */,
				6B09C9CB2978BDF20035384B /* AppDelegate.swift in Sources */,
			);
			runOnlyForDeploymentPostprocessing = 0;
		};
/* End PBXSourcesBuildPhase section */

/* Begin PBXVariantGroup section */
		6B09C9D42978BDF20035384B /* Main.storyboard */ = {
			isa = PBXVariantGroup;
			children = (
				6B09C9D52978BDF20035384B /* Base */,
			);
			name = Main.storyboard;
			sourceTree = "<group>";
		};
		6B09C9D92978BDF30035384B /* LaunchScreen.storyboard */ = {
			isa = PBXVariantGroup;
			children = (
				6B09C9DA2978BDF30035384B /* Base */,
			);
			name = LaunchScreen.storyboard;
			sourceTree = "<group>";
		};
/* End PBXVariantGroup section */

/* Begin XCBuildConfiguration section */
		6B09C9DC2978BDF30035384B /* Debug */ = {
			isa = XCBuildConfiguration;
			buildSettings = {
				ALWAYS_SEARCH_USER_PATHS = NO;
				CLANG_ANALYZER_NONNULL = YES;
				CLANG_ANALYZER_NUMBER_OBJECT_CONVERSION = YES_AGGRESSIVE;
				CLANG_CXX_LANGUAGE_STANDARD = "gnu++20";
				CLANG_ENABLE_MODULES = YES;
				CLANG_ENABLE_OBJC_ARC = YES;
				CLANG_ENABLE_OBJC_WEAK = YES;
				CLANG_WARN_BLOCK_CAPTURE_AUTORELEASING = YES;
				CLANG_WARN_BOOL_CONVERSION = YES;
				CLANG_WARN_COMMA = YES;
				CLANG_WARN_CONSTANT_CONVERSION = YES;
				CLANG_WARN_DEPRECATED_OBJC_IMPLEMENTATIONS = YES;
				CLANG_WARN_DIRECT_OBJC_ISA_USAGE = YES_ERROR;
				CLANG_WARN_DOCUMENTATION_COMMENTS = YES;
				CLANG_WARN_EMPTY_BODY = YES;
				CLANG_WARN_ENUM_CONVERSION = YES;
				CLANG_WARN_INFINITE_RECURSION = YES;
				CLANG_WARN_INT_CONVERSION = YES;
				CLANG_WARN_NON_LITERAL_NULL_CONVERSION = YES;
				CLANG_WARN_OBJC_IMPLICIT_RETAIN_SELF = YES;
				CLANG_WARN_OBJC_LITERAL_CONVERSION = YES;
				CLANG_WARN_OBJC_ROOT_CLASS = YES_ERROR;
				CLANG_WARN_QUOTED_INCLUDE_IN_FRAMEWORK_HEADER = YES;
				CLANG_WARN_RANGE_LOOP_ANALYSIS = YES;
				CLANG_WARN_STRICT_PROTOTYPES = YES;
				CLANG_WARN_SUSPICIOUS_MOVE = YES;
				CLANG_WARN_UNGUARDED_AVAILABILITY = YES_AGGRESSIVE;
				CLANG_WARN_UNREACHABLE_CODE = YES;
				CLANG_WARN__DUPLICATE_METHOD_MATCH = YES;
				COPY_PHASE_STRIP = NO;
				DEBUG_INFORMATION_FORMAT = dwarf;
				ENABLE_STRICT_OBJC_MSGSEND = YES;
				ENABLE_TESTABILITY = YES;
				GCC_C_LANGUAGE_STANDARD = gnu11;
				GCC_DYNAMIC_NO_PIC = NO;
				GCC_NO_COMMON_BLOCKS = YES;
				GCC_OPTIMIZATION_LEVEL = 0;
				GCC_PREPROCESSOR_DEFINITIONS = (
					"DEBUG=1",
					"$(inherited)",
				);
				GCC_WARN_64_TO_32_BIT_CONVERSION = YES;
				GCC_WARN_ABOUT_RETURN_TYPE = YES_ERROR;
				GCC_WARN_UNDECLARED_SELECTOR = YES;
				GCC_WARN_UNINITIALIZED_AUTOS = YES_AGGRESSIVE;
				GCC_WARN_UNUSED_FUNCTION = YES;
				GCC_WARN_UNUSED_VARIABLE = YES;
				IPHONEOS_DEPLOYMENT_TARGET = 16.0;
				MTL_ENABLE_DEBUG_INFO = INCLUDE_SOURCE;
				MTL_FAST_MATH = YES;
				ONLY_ACTIVE_ARCH = YES;
				SDKROOT = iphoneos;
				SWIFT_ACTIVE_COMPILATION_CONDITIONS = DEBUG;
				SWIFT_OPTIMIZATION_LEVEL = "-Onone";
			};
			name = Debug;
		};
		6B09C9DD2978BDF30035384B /* Release */ = {
			isa = XCBuildConfiguration;
			buildSettings = {
				ALWAYS_SEARCH_USER_PATHS = NO;
				CLANG_ANALYZER_NONNULL = YES;
				CLANG_ANALYZER_NUMBER_OBJECT_CONVERSION = YES_AGGRESSIVE;
				CLANG_CXX_LANGUAGE_STANDARD = "gnu++20";
				CLANG_ENABLE_MODULES = YES;
				CLANG_ENABLE_OBJC_ARC = YES;
				CLANG_ENABLE_OBJC_WEAK = YES;
				CLANG_WARN_BLOCK_CAPTURE_AUTORELEASING = YES;
				CLANG_WARN_BOOL_CONVERSION = YES;
				CLANG_WARN_COMMA = YES;
				CLANG_WARN_CONSTANT_CONVERSION = YES;
				CLANG_WARN_DEPRECATED_OBJC_IMPLEMENTATIONS = YES;
				CLANG_WARN_DIRECT_OBJC_ISA_USAGE = YES_ERROR;
				CLANG_WARN_DOCUMENTATION_COMMENTS = YES;
				CLANG_WARN_EMPTY_BODY = YES;
				CLANG_WARN_ENUM_CONVERSION = YES;
				CLANG_WARN_INFINITE_RECURSION = YES;
				CLANG_WARN_INT_CONVERSION = YES;
				CLANG_WARN_NON_LITERAL_NULL_CONVERSION = YES;
				CLANG_WARN_OBJC_IMPLICIT_RETAIN_SELF = YES;
				CLANG_WARN_OBJC_LITERAL_CONVERSION = YES;
				CLANG_WARN_OBJC_ROOT_CLASS = YES_ERROR;
				CLANG_WARN_QUOTED_INCLUDE_IN_FRAMEWORK_HEADER = YES;
				CLANG_WARN_RANGE_LOOP_ANALYSIS = YES;
				CLANG_WARN_STRICT_PROTOTYPES = YES;
				CLANG_WARN_SUSPICIOUS_MOVE = YES;
				CLANG_WARN_UNGUARDED_AVAILABILITY = YES_AGGRESSIVE;
				CLANG_WARN_UNREACHABLE_CODE = YES;
				CLANG_WARN__DUPLICATE_METHOD_MATCH = YES;
				COPY_PHASE_STRIP = NO;
				DEBUG_INFORMATION_FORMAT = "dwarf-with-dsym";
				ENABLE_NS_ASSERTIONS = NO;
				ENABLE_STRICT_OBJC_MSGSEND = YES;
				GCC_C_LANGUAGE_STANDARD = gnu11;
				GCC_NO_COMMON_BLOCKS = YES;
				GCC_WARN_64_TO_32_BIT_CONVERSION = YES;
				GCC_WARN_ABOUT_RETURN_TYPE = YES_ERROR;
				GCC_WARN_UNDECLARED_SELECTOR = YES;
				GCC_WARN_UNINITIALIZED_AUTOS = YES_AGGRESSIVE;
				GCC_WARN_UNUSED_FUNCTION = YES;
				GCC_WARN_UNUSED_VARIABLE = YES;
				IPHONEOS_DEPLOYMENT_TARGET = 16.0;
				MTL_ENABLE_DEBUG_INFO = NO;
				MTL_FAST_MATH = YES;
				SDKROOT = iphoneos;
				SWIFT_COMPILATION_MODE = wholemodule;
				SWIFT_OPTIMIZATION_LEVEL = "-O";
				VALIDATE_PRODUCT = YES;
			};
			name = Release;
		};
		6B09C9DF2978BDF30035384B /* Debug */ = {
			isa = XCBuildConfiguration;
			buildSettings = {
				ASSETCATALOG_COMPILER_APPICON_NAME = AppIcon;
				ASSETCATALOG_COMPILER_GLOBAL_ACCENT_COLOR_NAME = AccentColor;
				CODE_SIGN_STYLE = Automatic;
				CURRENT_PROJECT_VERSION = 1;
				DEVELOPMENT_TEAM = 7RX2WS3BM6;
				GENERATE_INFOPLIST_FILE = YES;
				INFOPLIST_KEY_UIApplicationSupportsIndirectInputEvents = YES;
				INFOPLIST_KEY_UILaunchStoryboardName = LaunchScreen;
				INFOPLIST_KEY_UIMainStoryboardFile = Main;
				INFOPLIST_KEY_UIStatusBarHidden = YES;
				INFOPLIST_KEY_UISupportedInterfaceOrientations_iPad = "UIInterfaceOrientationPortrait UIInterfaceOrientationPortraitUpsideDown UIInterfaceOrientationLandscapeLeft UIInterfaceOrientationLandscapeRight";
				INFOPLIST_KEY_UISupportedInterfaceOrientations_iPhone = "UIInterfaceOrientationPortrait UIInterfaceOrientationLandscapeLeft UIInterfaceOrientationLandscapeRight";
				LD_RUNPATH_SEARCH_PATHS = (
					"$(inherited)",
					"@executable_path/Frameworks",
				);
				MARKETING_VERSION = 1.0;
				PRODUCT_BUNDLE_IDENTIFIER = "ca.centennialcollege.MAPD724-W2023-ICE1";
				PRODUCT_NAME = "$(TARGET_NAME)";
				SWIFT_EMIT_LOC_STRINGS = YES;
				SWIFT_VERSION = 5.0;
				TARGETED_DEVICE_FAMILY = "1,2";
			};
			name = Debug;
		};
		6B09C9E02978BDF30035384B /* Release */ = {
			isa = XCBuildConfiguration;
			buildSettings = {
				ASSETCATALOG_COMPILER_APPICON_NAME = AppIcon;
				ASSETCATALOG_COMPILER_GLOBAL_ACCENT_COLOR_NAME = AccentColor;
				CODE_SIGN_STYLE = Automatic;
				CURRENT_PROJECT_VERSION = 1;
				DEVELOPMENT_TEAM = 7RX2WS3BM6;
				GENERATE_INFOPLIST_FILE = YES;
				INFOPLIST_KEY_UIApplicationSupportsIndirectInputEvents = YES;
				INFOPLIST_KEY_UILaunchStoryboardName = LaunchScreen;
				INFOPLIST_KEY_UIMainStoryboardFile = Main;
				INFOPLIST_KEY_UIStatusBarHidden = YES;
				INFOPLIST_KEY_UISupportedInterfaceOrientations_iPad = "UIInterfaceOrientationPortrait UIInterfaceOrientationPortraitUpsideDown UIInterfaceOrientationLandscapeLeft UIInterfaceOrientationLandscapeRight";
				INFOPLIST_KEY_UISupportedInterfaceOrientations_iPhone = "UIInterfaceOrientationPortrait UIInterfaceOrientationLandscapeLeft UIInterfaceOrientationLandscapeRight";
				LD_RUNPATH_SEARCH_PATHS = (
					"$(inherited)",
					"@executable_path/Frameworks",
				);
				MARKETING_VERSION = 1.0;
				PRODUCT_BUNDLE_IDENTIFIER = "ca.centennialcollege.MAPD724-W2023-ICE1";
				PRODUCT_NAME = "$(TARGET_NAME)";
				SWIFT_EMIT_LOC_STRINGS = YES;
				SWIFT_VERSION = 5.0;
				TARGETED_DEVICE_FAMILY = "1,2";
			};
			name = Release;
		};
/* End XCBuildConfiguration section */

/* Begin XCConfigurationList section */
		6B09C9C22978BDF20035384B /* Build configuration list for PBXProject "MAPD724-W2023-ICE3" */ = {
			isa = XCConfigurationList;
			buildConfigurations = (
				6B09C9DC2978BDF30035384B /* Debug */,
				6B09C9DD2978BDF30035384B /* Release */,
			);
			defaultConfigurationIsVisible = 0;
			defaultConfigurationName = Release;
		};
		6B09C9DE2978BDF30035384B /* Build configuration list for PBXNativeTarget "MAPD724-W2023-ICE3" */ = {
			isa = XCConfigurationList;
			buildConfigurations = (
				6B09C9DF2978BDF30035384B /* Debug */,
				6B09C9E02978BDF30035384B /* Release */,
			);
			defaultConfigurationIsVisible = 0;
			defaultConfigurationName = Release;
		};
/* End XCConfigurationList section */
	};
	rootObject = 6B09C9BF2978BDF20035384B /* Project object */;
}
